
Microsoft Visual Studio Solution File, Format Version 12.00
# Visual Studio 15
VisualStudioVersion = 15.0.27130.2024
MinimumVisualStudioVersion = 10.0.40219.1
Project("{FAE04EC0-301F-11D3-BF4B-00C04F79EFBC}") = "Basics", "Basics\Basics.csproj", "{DD76ABEC-3B61-4A4D-BF60-D1775A749C5E}"
EndProject
Global
	GlobalSection(SolutionConfigurationPlatforms) = preSolution
		Debug|Any CPU = Debug|Any CPU
		Release|Any CPU = Release|Any CPU
	EndGlobalSection
	GlobalSection(ProjectConfigurationPlatforms) = postSolution
		{DD76ABEC-3B61-4A4D-BF60-D1775A749C5E}.Debug|Any CPU.ActiveCfg = Debug|Any CPU
		{DD76ABEC-3B61-4A4D-BF60-D1775A749C5E}.Debug|Any CPU.Build.0 = Debug|Any CPU
		{DD76ABEC-3B61-4A4D-BF60-D1775A749C5E}.Release|Any CPU.ActiveCfg = Release|Any CPU
		{DD76ABEC-3B61-4A4D-BF60-D1775A749C5E}.Release|Any CPU.Build.0 = Release|Any CPU
	EndGlobalSection
	GlobalSection(SolutionProperties) = preSolution
		HideSolutionNode = FALSE
	EndGlobalSection
	GlobalSection(ExtensibilityGlobals) = postSolution
		SolutionGuid = {8855645A-7EF0-4F9B-9837-D841AA64F9C3}
	EndGlobalSection
EndGlobal
